// !$*UTF8*$!
{
	archiveVersion = 1;
	classes = {
	};
	objectVersion = 50;
	objects = {

/* Begin PBXBuildFile section */
		AF3F3C86229AA1760061D90D /* main.swift in Sources */ = {isa = PBXBuildFile; fileRef = AF3F3C85229AA1760061D90D /* main.swift */; };
		AFAB1DFD229AA9D700BBA25B /* Rule.swift in Sources */ = {isa = PBXBuildFile; fileRef = AFAB1DFC229AA9D700BBA25B /* Rule.swift */; };
		AFAB1DFF229AA9EB00BBA25B /* CenterRule.swift in Sources */ = {isa = PBXBuildFile; fileRef = AFAB1DFE229AA9EB00BBA25B /* CenterRule.swift */; };
		AFAB1E01229AAA0700BBA25B /* ZeroRule.swift in Sources */ = {isa = PBXBuildFile; fileRef = AFAB1E00229AAA0700BBA25B /* ZeroRule.swift */; };
		AFAB1E03229AAA6900BBA25B /* Puzzle.swift in Sources */ = {isa = PBXBuildFile; fileRef = AFAB1E02229AAA6900BBA25B /* Puzzle.swift */; };
		AFAB1E06229AAA8A00BBA25B /* Matrix.swift in Sources */ = {isa = PBXBuildFile; fileRef = AFAB1E05229AAA8A00BBA25B /* Matrix.swift */; };
		AFAB1E08229AAB6600BBA25B /* MarkFinishedRule.swift in Sources */ = {isa = PBXBuildFile; fileRef = AFAB1E07229AAB6600BBA25B /* MarkFinishedRule.swift */; };
		AFAB1E0A229AB56300BBA25B /* MatchPathsRule.swift in Sources */ = {isa = PBXBuildFile; fileRef = AFAB1E09229AB56300BBA25B /* MatchPathsRule.swift */; };
		AFAB1E0C229ABEA700BBA25B /* PadPathsRule.swift in Sources */ = {isa = PBXBuildFile; fileRef = AFAB1E0B229ABEA700BBA25B /* PadPathsRule.swift */; };
		AFAB1E0E229AC29E00BBA25B /* PathsRule.swift in Sources */ = {isa = PBXBuildFile; fileRef = AFAB1E0D229AC29E00BBA25B /* PathsRule.swift */; };
		AFAB1E10229AC5CE00BBA25B /* PathCompleteRule.swift in Sources */ = {isa = PBXBuildFile; fileRef = AFAB1E0F229AC5CE00BBA25B /* PathCompleteRule.swift */; };
		AFAB1E18229C3C5A00BBA25B /* AppDelegate.swift in Sources */ = {isa = PBXBuildFile; fileRef = AFAB1E17229C3C5A00BBA25B /* AppDelegate.swift */; };
		AFAB1E1A229C3C5D00BBA25B /* Assets.xcassets in Resources */ = {isa = PBXBuildFile; fileRef = AFAB1E19229C3C5D00BBA25B /* Assets.xcassets */; };
		AFAB1E1D229C3C5D00BBA25B /* MainMenu.xib in Resources */ = {isa = PBXBuildFile; fileRef = AFAB1E1B229C3C5D00BBA25B /* MainMenu.xib */; };
		AFAB1E24229C3E2300BBA25B /* PuzzleView.xib in Resources */ = {isa = PBXBuildFile; fileRef = AFAB1E23229C3E2300BBA25B /* PuzzleView.xib */; };
		AFAB1E26229C3E4B00BBA25B /* PuzzleView.swift in Sources */ = {isa = PBXBuildFile; fileRef = AFAB1E25229C3E4B00BBA25B /* PuzzleView.swift */; };
		AFAB1E28229C40A300BBA25B /* PuzzleViewDelegate.swift in Sources */ = {isa = PBXBuildFile; fileRef = AFAB1E27229C40A300BBA25B /* PuzzleViewDelegate.swift */; };
		AFAB1E2A229C41B900BBA25B /* Mark.swift in Sources */ = {isa = PBXBuildFile; fileRef = AFAB1E29229C41B900BBA25B /* Mark.swift */; };
		AFAB1E2B229C41CD00BBA25B /* Mark.swift in Sources */ = {isa = PBXBuildFile; fileRef = AFAB1E29229C41B900BBA25B /* Mark.swift */; };
		AFAB1E2C229C41D100BBA25B /* Puzzle.swift in Sources */ = {isa = PBXBuildFile; fileRef = AFAB1E02229AAA6900BBA25B /* Puzzle.swift */; };
		AFAB1E2D229C41D400BBA25B /* Matrix.swift in Sources */ = {isa = PBXBuildFile; fileRef = AFAB1E05229AAA8A00BBA25B /* Matrix.swift */; };
		AFAB1E2E229C41F300BBA25B /* Rule.swift in Sources */ = {isa = PBXBuildFile; fileRef = AFAB1DFC229AA9D700BBA25B /* Rule.swift */; };
		AFAB1E2F229C41F300BBA25B /* CenterRule.swift in Sources */ = {isa = PBXBuildFile; fileRef = AFAB1DFE229AA9EB00BBA25B /* CenterRule.swift */; };
		AFAB1E30229C41F300BBA25B /* ZeroRule.swift in Sources */ = {isa = PBXBuildFile; fileRef = AFAB1E00229AAA0700BBA25B /* ZeroRule.swift */; };
		AFAB1E31229C41F300BBA25B /* MarkFinishedRule.swift in Sources */ = {isa = PBXBuildFile; fileRef = AFAB1E07229AAB6600BBA25B /* MarkFinishedRule.swift */; };
		AFAB1E32229C41F300BBA25B /* MatchPathsRule.swift in Sources */ = {isa = PBXBuildFile; fileRef = AFAB1E09229AB56300BBA25B /* MatchPathsRule.swift */; };
		AFAB1E33229C41F300BBA25B /* PadPathsRule.swift in Sources */ = {isa = PBXBuildFile; fileRef = AFAB1E0B229ABEA700BBA25B /* PadPathsRule.swift */; };
		AFAB1E34229C41F300BBA25B /* PathsRule.swift in Sources */ = {isa = PBXBuildFile; fileRef = AFAB1E0D229AC29E00BBA25B /* PathsRule.swift */; };
		AFAB1E35229C41F300BBA25B /* PathCompleteRule.swift in Sources */ = {isa = PBXBuildFile; fileRef = AFAB1E0F229AC5CE00BBA25B /* PathCompleteRule.swift */; };
		AFAB1E37229C426900BBA25B /* Auxiliary.swift in Sources */ = {isa = PBXBuildFile; fileRef = AFAB1E36229C426900BBA25B /* Auxiliary.swift */; };
		AFAB1E38229C428200BBA25B /* Auxiliary.swift in Sources */ = {isa = PBXBuildFile; fileRef = AFAB1E36229C426900BBA25B /* Auxiliary.swift */; };
		AFAB1E3A229FCB0F00BBA25B /* Puzzleable.swift in Sources */ = {isa = PBXBuildFile; fileRef = AFAB1E39229FCB0F00BBA25B /* Puzzleable.swift */; };
		AFAB1E3F229FDC3500BBA25B /* CompleteSingularRunsRule.swift in Sources */ = {isa = PBXBuildFile; fileRef = AFAB1E3E229FDC3500BBA25B /* CompleteSingularRunsRule.swift */; };
		AFAB1E41229FDE4C00BBA25B /* Run.swift in Sources */ = {isa = PBXBuildFile; fileRef = AFAB1E40229FDE4C00BBA25B /* Run.swift */; };
		AFAB1E43229FE0FF00BBA25B /* MarkSmallPathsRule.swift in Sources */ = {isa = PBXBuildFile; fileRef = AFAB1E42229FE0FF00BBA25B /* MarkSmallPathsRule.swift */; };
/* End PBXBuildFile section */

/* Begin PBXCopyFilesBuildPhase section */
		AF3F3C80229AA1760061D90D /* CopyFiles */ = {
			isa = PBXCopyFilesBuildPhase;
			buildActionMask = 2147483647;
			dstPath = /usr/share/man/man1/;
			dstSubfolderSpec = 0;
			files = (
			);
			runOnlyForDeploymentPostprocessing = 1;
		};
/* End PBXCopyFilesBuildPhase section */

/* Begin PBXFileReference section */
		AF3F3C82229AA1760061D90D /* Picross */ = {isa = PBXFileReference; explicitFileType = "compiled.mach-o.executable"; includeInIndex = 0; path = Picross; sourceTree = BUILT_PRODUCTS_DIR; };
		AF3F3C85229AA1760061D90D /* main.swift */ = {isa = PBXFileReference; lastKnownFileType = sourcecode.swift; path = main.swift; sourceTree = "<group>"; };
		AFAB1DFC229AA9D700BBA25B /* Rule.swift */ = {isa = PBXFileReference; lastKnownFileType = sourcecode.swift; path = Rule.swift; sourceTree = "<group>"; };
		AFAB1DFE229AA9EB00BBA25B /* CenterRule.swift */ = {isa = PBXFileReference; lastKnownFileType = sourcecode.swift; path = CenterRule.swift; sourceTree = "<group>"; };
		AFAB1E00229AAA0700BBA25B /* ZeroRule.swift */ = {isa = PBXFileReference; lastKnownFileType = sourcecode.swift; path = ZeroRule.swift; sourceTree = "<group>"; };
		AFAB1E02229AAA6900BBA25B /* Puzzle.swift */ = {isa = PBXFileReference; lastKnownFileType = sourcecode.swift; path = Puzzle.swift; sourceTree = "<group>"; };
		AFAB1E05229AAA8A00BBA25B /* Matrix.swift */ = {isa = PBXFileReference; lastKnownFileType = sourcecode.swift; path = Matrix.swift; sourceTree = "<group>"; };
		AFAB1E07229AAB6600BBA25B /* MarkFinishedRule.swift */ = {isa = PBXFileReference; lastKnownFileType = sourcecode.swift; path = MarkFinishedRule.swift; sourceTree = "<group>"; };
		AFAB1E09229AB56300BBA25B /* MatchPathsRule.swift */ = {isa = PBXFileReference; lastKnownFileType = sourcecode.swift; path = MatchPathsRule.swift; sourceTree = "<group>"; };
		AFAB1E0B229ABEA700BBA25B /* PadPathsRule.swift */ = {isa = PBXFileReference; lastKnownFileType = sourcecode.swift; path = PadPathsRule.swift; sourceTree = "<group>"; };
		AFAB1E0D229AC29E00BBA25B /* PathsRule.swift */ = {isa = PBXFileReference; lastKnownFileType = sourcecode.swift; path = PathsRule.swift; sourceTree = "<group>"; };
		AFAB1E0F229AC5CE00BBA25B /* PathCompleteRule.swift */ = {isa = PBXFileReference; lastKnownFileType = sourcecode.swift; path = PathCompleteRule.swift; sourceTree = "<group>"; };
		AFAB1E15229C3C5A00BBA25B /* Peacross.app */ = {isa = PBXFileReference; explicitFileType = wrapper.application; includeInIndex = 0; path = Peacross.app; sourceTree = BUILT_PRODUCTS_DIR; };
		AFAB1E17229C3C5A00BBA25B /* AppDelegate.swift */ = {isa = PBXFileReference; lastKnownFileType = sourcecode.swift; path = AppDelegate.swift; sourceTree = "<group>"; };
		AFAB1E19229C3C5D00BBA25B /* Assets.xcassets */ = {isa = PBXFileReference; lastKnownFileType = folder.assetcatalog; path = Assets.xcassets; sourceTree = "<group>"; };
		AFAB1E1C229C3C5D00BBA25B /* Base */ = {isa = PBXFileReference; lastKnownFileType = file.xib; name = Base; path = Base.lproj/MainMenu.xib; sourceTree = "<group>"; };
		AFAB1E1E229C3C5D00BBA25B /* Info.plist */ = {isa = PBXFileReference; lastKnownFileType = text.plist.xml; path = Info.plist; sourceTree = "<group>"; };
		AFAB1E1F229C3C5D00BBA25B /* Peacross.entitlements */ = {isa = PBXFileReference; lastKnownFileType = text.plist.entitlements; path = Peacross.entitlements; sourceTree = "<group>"; };
		AFAB1E23229C3E2300BBA25B /* PuzzleView.xib */ = {isa = PBXFileReference; lastKnownFileType = file.xib; path = PuzzleView.xib; sourceTree = "<group>"; };
		AFAB1E25229C3E4B00BBA25B /* PuzzleView.swift */ = {isa = PBXFileReference; lastKnownFileType = sourcecode.swift; path = PuzzleView.swift; sourceTree = "<group>"; };
		AFAB1E27229C40A300BBA25B /* PuzzleViewDelegate.swift */ = {isa = PBXFileReference; lastKnownFileType = sourcecode.swift; path = PuzzleViewDelegate.swift; sourceTree = "<group>"; };
		AFAB1E29229C41B900BBA25B /* Mark.swift */ = {isa = PBXFileReference; lastKnownFileType = sourcecode.swift; path = Mark.swift; sourceTree = "<group>"; };
		AFAB1E36229C426900BBA25B /* Auxiliary.swift */ = {isa = PBXFileReference; lastKnownFileType = sourcecode.swift; path = Auxiliary.swift; sourceTree = "<group>"; };
		AFAB1E39229FCB0F00BBA25B /* Puzzleable.swift */ = {isa = PBXFileReference; lastKnownFileType = sourcecode.swift; path = Puzzleable.swift; sourceTree = "<group>"; };
		AFAB1E3E229FDC3500BBA25B /* CompleteSingularRunsRule.swift */ = {isa = PBXFileReference; lastKnownFileType = sourcecode.swift; path = CompleteSingularRunsRule.swift; sourceTree = "<group>"; };
		AFAB1E40229FDE4C00BBA25B /* Run.swift */ = {isa = PBXFileReference; lastKnownFileType = sourcecode.swift; path = Run.swift; sourceTree = "<group>"; };
		AFAB1E42229FE0FF00BBA25B /* MarkSmallPathsRule.swift */ = {isa = PBXFileReference; lastKnownFileType = sourcecode.swift; path = MarkSmallPathsRule.swift; sourceTree = "<group>"; };
/* End PBXFileReference section */

/* Begin PBXFrameworksBuildPhase section */
		AF3F3C7F229AA1760061D90D /* Frameworks */ = {
			isa = PBXFrameworksBuildPhase;
			buildActionMask = 2147483647;
			files = (
			);
			runOnlyForDeploymentPostprocessing = 0;
		};
		AFAB1E12229C3C5A00BBA25B /* Frameworks */ = {
			isa = PBXFrameworksBuildPhase;
			buildActionMask = 2147483647;
			files = (
			);
			runOnlyForDeploymentPostprocessing = 0;
		};
/* End PBXFrameworksBuildPhase section */

/* Begin PBXGroup section */
		AF3F3C79229AA1760061D90D = {
			isa = PBXGroup;
			children = (
				AF3F3C84229AA1760061D90D /* Picross */,
				AFAB1E16229C3C5A00BBA25B /* Peacross */,
				AF3F3C83229AA1760061D90D /* Products */,
			);
			sourceTree = "<group>";
		};
		AF3F3C83229AA1760061D90D /* Products */ = {
			isa = PBXGroup;
			children = (
				AF3F3C82229AA1760061D90D /* Picross */,
				AFAB1E15229C3C5A00BBA25B /* Peacross.app */,
			);
			name = Products;
			sourceTree = "<group>";
		};
		AF3F3C84229AA1760061D90D /* Picross */ = {
			isa = PBXGroup;
			children = (
				AFAB1E04229AAA6E00BBA25B /* Puzzle */,
				AFAB1DFB229AA9CB00BBA25B /* Rules */,
				AF3F3C85229AA1760061D90D /* main.swift */,
			);
			path = Picross;
			sourceTree = "<group>";
		};
		AFAB1DFB229AA9CB00BBA25B /* Rules */ = {
			isa = PBXGroup;
			children = (
				AFAB1E3B229FCCAC00BBA25B /* Unsafe */,
				AFAB1DFC229AA9D700BBA25B /* Rule.swift */,
				AFAB1DFE229AA9EB00BBA25B /* CenterRule.swift */,
				AFAB1E00229AAA0700BBA25B /* ZeroRule.swift */,
				AFAB1E07229AAB6600BBA25B /* MarkFinishedRule.swift */,
				AFAB1E3E229FDC3500BBA25B /* CompleteSingularRunsRule.swift */,
				AFAB1E42229FE0FF00BBA25B /* MarkSmallPathsRule.swift */,
			);
			path = Rules;
			sourceTree = "<group>";
		};
		AFAB1E04229AAA6E00BBA25B /* Puzzle */ = {
			isa = PBXGroup;
			children = (
				AFAB1E02229AAA6900BBA25B /* Puzzle.swift */,
				AFAB1E05229AAA8A00BBA25B /* Matrix.swift */,
				AFAB1E29229C41B900BBA25B /* Mark.swift */,
				AFAB1E36229C426900BBA25B /* Auxiliary.swift */,
				AFAB1E39229FCB0F00BBA25B /* Puzzleable.swift */,
				AFAB1E40229FDE4C00BBA25B /* Run.swift */,
			);
			path = Puzzle;
			sourceTree = "<group>";
		};
		AFAB1E16229C3C5A00BBA25B /* Peacross */ = {
			isa = PBXGroup;
			children = (
				AFAB1E17229C3C5A00BBA25B /* AppDelegate.swift */,
				AFAB1E25229C3E4B00BBA25B /* PuzzleView.swift */,
				AFAB1E27229C40A300BBA25B /* PuzzleViewDelegate.swift */,
				AFAB1E19229C3C5D00BBA25B /* Assets.xcassets */,
				AFAB1E1B229C3C5D00BBA25B /* MainMenu.xib */,
				AFAB1E23229C3E2300BBA25B /* PuzzleView.xib */,
				AFAB1E1E229C3C5D00BBA25B /* Info.plist */,
				AFAB1E1F229C3C5D00BBA25B /* Peacross.entitlements */,
			);
			path = Peacross;
			sourceTree = "<group>";
		};
		AFAB1E3B229FCCAC00BBA25B /* Unsafe */ = {
			isa = PBXGroup;
			children = (
				AFAB1E0D229AC29E00BBA25B /* PathsRule.swift */,
				AFAB1E0F229AC5CE00BBA25B /* PathCompleteRule.swift */,
				AFAB1E0B229ABEA700BBA25B /* PadPathsRule.swift */,
				AFAB1E09229AB56300BBA25B /* MatchPathsRule.swift */,
			);
			path = Unsafe;
			sourceTree = "<group>";
		};
/* End PBXGroup section */

/* Begin PBXNativeTarget section */
		AF3F3C81229AA1760061D90D /* Picross */ = {
			isa = PBXNativeTarget;
			buildConfigurationList = AF3F3C89229AA1760061D90D /* Build configuration list for PBXNativeTarget "Picross" */;
			buildPhases = (
				AF3F3C7E229AA1760061D90D /* Sources */,
				AF3F3C7F229AA1760061D90D /* Frameworks */,
				AF3F3C80229AA1760061D90D /* CopyFiles */,
			);
			buildRules = (
			);
			dependencies = (
			);
			name = Picross;
			productName = Picross;
			productReference = AF3F3C82229AA1760061D90D /* Picross */;
			productType = "com.apple.product-type.tool";
		};
		AFAB1E14229C3C5A00BBA25B /* Peacross */ = {
			isa = PBXNativeTarget;
			buildConfigurationList = AFAB1E20229C3C5D00BBA25B /* Build configuration list for PBXNativeTarget "Peacross" */;
			buildPhases = (
				AFAB1E11229C3C5A00BBA25B /* Sources */,
				AFAB1E12229C3C5A00BBA25B /* Frameworks */,
				AFAB1E13229C3C5A00BBA25B /* Resources */,
			);
			buildRules = (
			);
			dependencies = (
			);
			name = Peacross;
			productName = Peacross;
			productReference = AFAB1E15229C3C5A00BBA25B /* Peacross.app */;
			productType = "com.apple.product-type.application";
		};
/* End PBXNativeTarget section */

/* Begin PBXProject section */
		AF3F3C7A229AA1760061D90D /* Project object */ = {
			isa = PBXProject;
			attributes = {
				LastSwiftUpdateCheck = 1020;
				LastUpgradeCheck = 1020;
				ORGANIZATIONNAME = "Philipp Brendel";
				TargetAttributes = {
					AF3F3C81229AA1760061D90D = {
						CreatedOnToolsVersion = 10.2.1;
					};
					AFAB1E14229C3C5A00BBA25B = {
						CreatedOnToolsVersion = 10.2.1;
					};
				};
			};
			buildConfigurationList = AF3F3C7D229AA1760061D90D /* Build configuration list for PBXProject "Picross" */;
			compatibilityVersion = "Xcode 9.3";
			developmentRegion = en;
			hasScannedForEncodings = 0;
			knownRegions = (
				en,
				Base,
			);
			mainGroup = AF3F3C79229AA1760061D90D;
			productRefGroup = AF3F3C83229AA1760061D90D /* Products */;
			projectDirPath = "";
			projectRoot = "";
			targets = (
				AF3F3C81229AA1760061D90D /* Picross */,
				AFAB1E14229C3C5A00BBA25B /* Peacross */,
			);
		};
/* End PBXProject section */

/* Begin PBXResourcesBuildPhase section */
		AFAB1E13229C3C5A00BBA25B /* Resources */ = {
			isa = PBXResourcesBuildPhase;
			buildActionMask = 2147483647;
			files = (
				AFAB1E1A229C3C5D00BBA25B /* Assets.xcassets in Resources */,
				AFAB1E1D229C3C5D00BBA25B /* MainMenu.xib in Resources */,
				AFAB1E24229C3E2300BBA25B /* PuzzleView.xib in Resources */,
			);
			runOnlyForDeploymentPostprocessing = 0;
		};
/* End PBXResourcesBuildPhase section */

/* Begin PBXSourcesBuildPhase section */
		AF3F3C7E229AA1760061D90D /* Sources */ = {
			isa = PBXSourcesBuildPhase;
			buildActionMask = 2147483647;
			files = (
				AFAB1E0A229AB56300BBA25B /* MatchPathsRule.swift in Sources */,
				AFAB1E03229AAA6900BBA25B /* Puzzle.swift in Sources */,
				AF3F3C86229AA1760061D90D /* main.swift in Sources */,
				AFAB1E3A229FCB0F00BBA25B /* Puzzleable.swift in Sources */,
				AFAB1E06229AAA8A00BBA25B /* Matrix.swift in Sources */,
				AFAB1E0E229AC29E00BBA25B /* PathsRule.swift in Sources */,
				AFAB1E0C229ABEA700BBA25B /* PadPathsRule.swift in Sources */,
				AFAB1E37229C426900BBA25B /* Auxiliary.swift in Sources */,
				AFAB1E43229FE0FF00BBA25B /* MarkSmallPathsRule.swift in Sources */,
				AFAB1E08229AAB6600BBA25B /* MarkFinishedRule.swift in Sources */,
				AFAB1E41229FDE4C00BBA25B /* Run.swift in Sources */,
				AFAB1E01229AAA0700BBA25B /* ZeroRule.swift in Sources */,
				AFAB1E3F229FDC3500BBA25B /* CompleteSingularRunsRule.swift in Sources */,
				AFAB1E2A229C41B900BBA25B /* Mark.swift in Sources */,
				AFAB1DFD229AA9D700BBA25B /* Rule.swift in Sources */,
				AFAB1E10229AC5CE00BBA25B /* PathCompleteRule.swift in Sources */,
				AFAB1DFF229AA9EB00BBA25B /* CenterRule.swift in Sources */,
			);
			runOnlyForDeploymentPostprocessing = 0;
		};
		AFAB1E11229C3C5A00BBA25B /* Sources */ = {
			isa = PBXSourcesBuildPhase;
			buildActionMask = 2147483647;
			files = (
				AFAB1E34229C41F300BBA25B /* PathsRule.swift in Sources */,
				AFAB1E31229C41F300BBA25B /* MarkFinishedRule.swift in Sources */,
				AFAB1E2C229C41D100BBA25B /* Puzzle.swift in Sources */,
				AFAB1E2B229C41CD00BBA25B /* Mark.swift in Sources */,
				AFAB1E2D229C41D400BBA25B /* Matrix.swift in Sources */,
				AFAB1E26229C3E4B00BBA25B /* PuzzleView.swift in Sources */,
				AFAB1E2F229C41F300BBA25B /* CenterRule.swift in Sources */,
				AFAB1E18229C3C5A00BBA25B /* AppDelegate.swift in Sources */,
				AFAB1E28229C40A300BBA25B /* PuzzleViewDelegate.swift in Sources */,
				AFAB1E2E229C41F300BBA25B /* Rule.swift in Sources */,
				AFAB1E32229C41F300BBA25B /* MatchPathsRule.swift in Sources */,
				AFAB1E33229C41F300BBA25B /* PadPathsRule.swift in Sources */,
				AFAB1E30229C41F300BBA25B /* ZeroRule.swift in Sources */,
				AFAB1E35229C41F300BBA25B /* PathCompleteRule.swift in Sources */,
				AFAB1E38229C428200BBA25B /* Auxiliary.swift in Sources */,
			);
			runOnlyForDeploymentPostprocessing = 0;
		};
/* End PBXSourcesBuildPhase section */

/* Begin PBXVariantGroup section */
		AFAB1E1B229C3C5D00BBA25B /* MainMenu.xib */ = {
			isa = PBXVariantGroup;
			children = (
				AFAB1E1C229C3C5D00BBA25B /* Base */,
			);
			name = MainMenu.xib;
			sourceTree = "<group>";
		};
/* End PBXVariantGroup section */

/* Begin XCBuildConfiguration section */
		AF3F3C87229AA1760061D90D /* Debug */ = {
			isa = XCBuildConfiguration;
			buildSettings = {
				ALWAYS_SEARCH_USER_PATHS = NO;
				CLANG_ANALYZER_NONNULL = YES;
				CLANG_ANALYZER_NUMBER_OBJECT_CONVERSION = YES_AGGRESSIVE;
				CLANG_CXX_LANGUAGE_STANDARD = "gnu++14";
				CLANG_CXX_LIBRARY = "libc++";
				CLANG_ENABLE_MODULES = YES;
				CLANG_ENABLE_OBJC_ARC = YES;
				CLANG_ENABLE_OBJC_WEAK = YES;
				CLANG_WARN_BLOCK_CAPTURE_AUTORELEASING = YES;
				CLANG_WARN_BOOL_CONVERSION = YES;
				CLANG_WARN_COMMA = YES;
				CLANG_WARN_CONSTANT_CONVERSION = YES;
				CLANG_WARN_DEPRECATED_OBJC_IMPLEMENTATIONS = YES;
				CLANG_WARN_DIRECT_OBJC_ISA_USAGE = YES_ERROR;
				CLANG_WARN_DOCUMENTATION_COMMENTS = YES;
				CLANG_WARN_EMPTY_BODY = YES;
				CLANG_WARN_ENUM_CONVERSION = YES;
				CLANG_WARN_INFINITE_RECURSION = YES;
				CLANG_WARN_INT_CONVERSION = YES;
				CLANG_WARN_NON_LITERAL_NULL_CONVERSION = YES;
				CLANG_WARN_OBJC_IMPLICIT_RETAIN_SELF = YES;
				CLANG_WARN_OBJC_LITERAL_CONVERSION = YES;
				CLANG_WARN_OBJC_ROOT_CLASS = YES_ERROR;
				CLANG_WARN_RANGE_LOOP_ANALYSIS = YES;
				CLANG_WARN_STRICT_PROTOTYPES = YES;
				CLANG_WARN_SUSPICIOUS_MOVE = YES;
				CLANG_WARN_UNGUARDED_AVAILABILITY = YES_AGGRESSIVE;
				CLANG_WARN_UNREACHABLE_CODE = YES;
				CLANG_WARN__DUPLICATE_METHOD_MATCH = YES;
				CODE_SIGN_IDENTITY = "Mac Developer";
				COPY_PHASE_STRIP = NO;
				DEBUG_INFORMATION_FORMAT = dwarf;
				ENABLE_STRICT_OBJC_MSGSEND = YES;
				ENABLE_TESTABILITY = YES;
				GCC_C_LANGUAGE_STANDARD = gnu11;
				GCC_DYNAMIC_NO_PIC = NO;
				GCC_NO_COMMON_BLOCKS = YES;
				GCC_OPTIMIZATION_LEVEL = 0;
				GCC_PREPROCESSOR_DEFINITIONS = (
					"DEBUG=1",
					"$(inherited)",
				);
				GCC_WARN_64_TO_32_BIT_CONVERSION = YES;
				GCC_WARN_ABOUT_RETURN_TYPE = YES_ERROR;
				GCC_WARN_UNDECLARED_SELECTOR = YES;
				GCC_WARN_UNINITIALIZED_AUTOS = YES_AGGRESSIVE;
				GCC_WARN_UNUSED_FUNCTION = YES;
				GCC_WARN_UNUSED_VARIABLE = YES;
				MACOSX_DEPLOYMENT_TARGET = 10.14;
				MTL_ENABLE_DEBUG_INFO = INCLUDE_SOURCE;
				MTL_FAST_MATH = YES;
				ONLY_ACTIVE_ARCH = YES;
				SDKROOT = macosx;
				SWIFT_ACTIVE_COMPILATION_CONDITIONS = DEBUG;
				SWIFT_OPTIMIZATION_LEVEL = "-Onone";
			};
			name = Debug;
		};
		AF3F3C88229AA1760061D90D /* Release */ = {
			isa = XCBuildConfiguration;
			buildSettings = {
				ALWAYS_SEARCH_USER_PATHS = NO;
				CLANG_ANALYZER_NONNULL = YES;
				CLANG_ANALYZER_NUMBER_OBJECT_CONVERSION = YES_AGGRESSIVE;
				CLANG_CXX_LANGUAGE_STANDARD = "gnu++14";
				CLANG_CXX_LIBRARY = "libc++";
				CLANG_ENABLE_MODULES = YES;
				CLANG_ENABLE_OBJC_ARC = YES;
				CLANG_ENABLE_OBJC_WEAK = YES;
				CLANG_WARN_BLOCK_CAPTURE_AUTORELEASING = YES;
				CLANG_WARN_BOOL_CONVERSION = YES;
				CLANG_WARN_COMMA = YES;
				CLANG_WARN_CONSTANT_CONVERSION = YES;
				CLANG_WARN_DEPRECATED_OBJC_IMPLEMENTATIONS = YES;
				CLANG_WARN_DIRECT_OBJC_ISA_USAGE = YES_ERROR;
				CLANG_WARN_DOCUMENTATION_COMMENTS = YES;
				CLANG_WARN_EMPTY_BODY = YES;
				CLANG_WARN_ENUM_CONVERSION = YES;
				CLANG_WARN_INFINITE_RECURSION = YES;
				CLANG_WARN_INT_CONVERSION = YES;
				CLANG_WARN_NON_LITERAL_NULL_CONVERSION = YES;
				CLANG_WARN_OBJC_IMPLICIT_RETAIN_SELF = YES;
				CLANG_WARN_OBJC_LITERAL_CONVERSION = YES;
				CLANG_WARN_OBJC_ROOT_CLASS = YES_ERROR;
				CLANG_WARN_RANGE_LOOP_ANALYSIS = YES;
				CLANG_WARN_STRICT_PROTOTYPES = YES;
				CLANG_WARN_SUSPICIOUS_MOVE = YES;
				CLANG_WARN_UNGUARDED_AVAILABILITY = YES_AGGRESSIVE;
				CLANG_WARN_UNREACHABLE_CODE = YES;
				CLANG_WARN__DUPLICATE_METHOD_MATCH = YES;
				CODE_SIGN_IDENTITY = "Mac Developer";
				COPY_PHASE_STRIP = NO;
				DEBUG_INFORMATION_FORMAT = "dwarf-with-dsym";
				ENABLE_NS_ASSERTIONS = NO;
				ENABLE_STRICT_OBJC_MSGSEND = YES;
				GCC_C_LANGUAGE_STANDARD = gnu11;
				GCC_NO_COMMON_BLOCKS = YES;
				GCC_WARN_64_TO_32_BIT_CONVERSION = YES;
				GCC_WARN_ABOUT_RETURN_TYPE = YES_ERROR;
				GCC_WARN_UNDECLARED_SELECTOR = YES;
				GCC_WARN_UNINITIALIZED_AUTOS = YES_AGGRESSIVE;
				GCC_WARN_UNUSED_FUNCTION = YES;
				GCC_WARN_UNUSED_VARIABLE = YES;
				MACOSX_DEPLOYMENT_TARGET = 10.14;
				MTL_ENABLE_DEBUG_INFO = NO;
				MTL_FAST_MATH = YES;
				SDKROOT = macosx;
				SWIFT_COMPILATION_MODE = wholemodule;
				SWIFT_OPTIMIZATION_LEVEL = "-O";
			};
			name = Release;
		};
		AF3F3C8A229AA1760061D90D /* Debug */ = {
			isa = XCBuildConfiguration;
			buildSettings = {
				CODE_SIGN_STYLE = Automatic;
				DEVELOPMENT_TEAM = CF3W365R86;
				PRODUCT_NAME = "$(TARGET_NAME)";
				SWIFT_VERSION = 5.0;
			};
			name = Debug;
		};
		AF3F3C8B229AA1760061D90D /* Release */ = {
			isa = XCBuildConfiguration;
			buildSettings = {
				CODE_SIGN_STYLE = Automatic;
				DEVELOPMENT_TEAM = CF3W365R86;
				PRODUCT_NAME = "$(TARGET_NAME)";
				SWIFT_VERSION = 5.0;
			};
			name = Release;
		};
		AFAB1E21229C3C5D00BBA25B /* Debug */ = {
			isa = XCBuildConfiguration;
			buildSettings = {
				ASSETCATALOG_COMPILER_APPICON_NAME = AppIcon;
				CODE_SIGN_ENTITLEMENTS = Peacross/Peacross.entitlements;
				CODE_SIGN_STYLE = Automatic;
				COMBINE_HIDPI_IMAGES = YES;
				DEVELOPMENT_TEAM = CF3W365R86;
				INFOPLIST_FILE = Peacross/Info.plist;
				LD_RUNPATH_SEARCH_PATHS = (
					"$(inherited)",
					"@executable_path/../Frameworks",
				);
				PRODUCT_BUNDLE_IDENTIFIER = com.entenwolf.Peacross;
				PRODUCT_NAME = "$(TARGET_NAME)";
				SWIFT_VERSION = 5.0;
			};
			name = Debug;
		};
		AFAB1E22229C3C5D00BBA25B /* Release */ = {
			isa = XCBuildConfiguration;
			buildSettings = {
				ASSETCATALOG_COMPILER_APPICON_NAME = AppIcon;
				CODE_SIGN_ENTITLEMENTS = Peacross/Peacross.entitlements;
				CODE_SIGN_STYLE = Automatic;
				COMBINE_HIDPI_IMAGES = YES;
				DEVELOPMENT_TEAM = CF3W365R86;
				INFOPLIST_FILE = Peacross/Info.plist;
				LD_RUNPATH_SEARCH_PATHS = (
					"$(inherited)",
					"@executable_path/../Frameworks",
				);
				PRODUCT_BUNDLE_IDENTIFIER = com.entenwolf.Peacross;
				PRODUCT_NAME = "$(TARGET_NAME)";
				SWIFT_VERSION = 5.0;
			};
			name = Release;
		};
/* End XCBuildConfiguration section */

/* Begin XCConfigurationList section */
		AF3F3C7D229AA1760061D90D /* Build configuration list for PBXProject "Picross" */ = {
			isa = XCConfigurationList;
			buildConfigurations = (
				AF3F3C87229AA1760061D90D /* Debug */,
				AF3F3C88229AA1760061D90D /* Release */,
			);
			defaultConfigurationIsVisible = 0;
			defaultConfigurationName = Release;
		};
		AF3F3C89229AA1760061D90D /* Build configuration list for PBXNativeTarget "Picross" */ = {
			isa = XCConfigurationList;
			buildConfigurations = (
				AF3F3C8A229AA1760061D90D /* Debug */,
				AF3F3C8B229AA1760061D90D /* Release */,
			);
			defaultConfigurationIsVisible = 0;
			defaultConfigurationName = Release;
		};
		AFAB1E20229C3C5D00BBA25B /* Build configuration list for PBXNativeTarget "Peacross" */ = {
			isa = XCConfigurationList;
			buildConfigurations = (
				AFAB1E21229C3C5D00BBA25B /* Debug */,
				AFAB1E22229C3C5D00BBA25B /* Release */,
			);
			defaultConfigurationIsVisible = 0;
			defaultConfigurationName = Release;
		};
/* End XCConfigurationList section */
	};
	rootObject = AF3F3C7A229AA1760061D90D /* Project object */;
}
